
Microsoft Visual Studio Solution File, Format Version 12.00
# Visual Studio Version 17
VisualStudioVersion = 17.0.32126.317
MinimumVisualStudioVersion = 10.0.40219.1
Project("{FAE04EC0-301F-11D3-BF4B-00C04F79EFBC}") = "WindowsFormsApp1", "WindowsFormsApp1\WindowsFormsApp1.csproj", "{810E779F-15B5-443B-BFB3-2E61F5F38CC9}"
EndProject
Global
	GlobalSection(SolutionConfigurationPlatforms) = preSolution
		Debug|Any CPU = Debug|Any CPU
		Release|Any CPU = Release|Any CPU
	EndGlobalSection
	GlobalSection(ProjectConfigurationPlatforms) = postSolution
		{810E779F-15B5-443B-BFB3-2E61F5F38CC9}.Debug|Any CPU.ActiveCfg = Debug|Any CPU
		{810E779F-15B5-443B-BFB3-2E61F5F38CC9}.Debug|Any CPU.Build.0 = Debug|Any CPU
		{810E779F-15B5-443B-BFB3-2E61F5F38CC9}.Release|Any CPU.ActiveCfg = Release|Any CPU
		{810E779F-15B5-443B-BFB3-2E61F5F38CC9}.Release|Any CPU.Build.0 = Release|Any CPU
	EndGlobalSection
	GlobalSection(SolutionProperties) = preSolution
		HideSolutionNode = FALSE
	EndGlobalSection
	GlobalSection(ExtensibilityGlobals) = postSolution
		SolutionGuid = {B6092A13-384E-4DBC-A2EA-ADEBE6BF9346}
	EndGlobalSection
EndGlobal
